
Microsoft Visual Studio Solution File, Format Version 12.00
# Visual Studio Version 16
VisualStudioVersion = 16.0.31205.134
MinimumVisualStudioVersion = 10.0.40219.1
Project("{9A19103F-16F7-4668-BE54-9A1E7A4F7556}") = "Decorator", "Decorator\Decorator.csproj", "{09350BCA-AE77-4D88-9B3F-51B90286086A}"
EndProject
Project("{9A19103F-16F7-4668-BE54-9A1E7A4F7556}") = "PizzaDecoratorExample", "PizzaDecoratorExample\PizzaDecoratorExample.csproj", "{BAF691C2-CEE1-48F8-AD87-3B2AAA442179}"
EndProject
Project("{FAE04EC0-301F-11D3-BF4B-00C04F79EFBC}") = "DecoratorHomework", "DecoratorHomework\DecoratorHomework.csproj", "{7E86A639-3F8B-47D4-983B-C6E658FA0808}"
EndProject
Global
	GlobalSection(SolutionConfigurationPlatforms) = preSolution
		Debug|Any CPU = Debug|Any CPU
		Release|Any CPU = Release|Any CPU
	EndGlobalSection
	GlobalSection(ProjectConfigurationPlatforms) = postSolution
		{09350BCA-AE77-4D88-9B3F-51B90286086A}.Debug|Any CPU.ActiveCfg = Debug|Any CPU
		{09350BCA-AE77-4D88-9B3F-51B90286086A}.Debug|Any CPU.Build.0 = Debug|Any CPU
		{09350BCA-AE77-4D88-9B3F-51B90286086A}.Release|Any CPU.ActiveCfg = Release|Any CPU
		{09350BCA-AE77-4D88-9B3F-51B90286086A}.Release|Any CPU.Build.0 = Release|Any CPU
		{BAF691C2-CEE1-48F8-AD87-3B2AAA442179}.Debug|Any CPU.ActiveCfg = Debug|Any CPU
		{BAF691C2-CEE1-48F8-AD87-3B2AAA442179}.Debug|Any CPU.Build.0 = Debug|Any CPU
		{BAF691C2-CEE1-48F8-AD87-3B2AAA442179}.Release|Any CPU.ActiveCfg = Release|Any CPU
		{BAF691C2-CEE1-48F8-AD87-3B2AAA442179}.Release|Any CPU.Build.0 = Release|Any CPU
		{7E86A639-3F8B-47D4-983B-C6E658FA0808}.Debug|Any CPU.ActiveCfg = Debug|Any CPU
		{7E86A639-3F8B-47D4-983B-C6E658FA0808}.Debug|Any CPU.Build.0 = Debug|Any CPU
		{7E86A639-3F8B-47D4-983B-C6E658FA0808}.Release|Any CPU.ActiveCfg = Release|Any CPU
		{7E86A639-3F8B-47D4-983B-C6E658FA0808}.Release|Any CPU.Build.0 = Release|Any CPU
	EndGlobalSection
	GlobalSection(SolutionProperties) = preSolution
		HideSolutionNode = FALSE
	EndGlobalSection
	GlobalSection(ExtensibilityGlobals) = postSolution
		SolutionGuid = {D73E1B9B-9BB6-45B4-8DA6-E5FAA404432B}
	EndGlobalSection
EndGlobal
