
Microsoft Visual Studio Solution File, Format Version 12.00
# Visual Studio Version 16
VisualStudioVersion = 16.0.31205.134
MinimumVisualStudioVersion = 10.0.40219.1
Project("{FAE04EC0-301F-11D3-BF4B-00C04F79EFBC}") = "ShallowCopyOfEmployee", "CopyOfEmployee\ShallowCopyOfEmployee.csproj", "{A2E69AD0-2739-4CCA-ABD3-1B963EF33472}"
EndProject
Project("{FAE04EC0-301F-11D3-BF4B-00C04F79EFBC}") = "DeepCopyOfEmployee", "DeepCopyOfEmployee\DeepCopyOfEmployee.csproj", "{287FC648-FE5F-4D1B-9F95-AA2E9D7F9264}"
EndProject
Global
	GlobalSection(SolutionConfigurationPlatforms) = preSolution
		Debug|Any CPU = Debug|Any CPU
		Release|Any CPU = Release|Any CPU
	EndGlobalSection
	GlobalSection(ProjectConfigurationPlatforms) = postSolution
		{A2E69AD0-2739-4CCA-ABD3-1B963EF33472}.Debug|Any CPU.ActiveCfg = Debug|Any CPU
		{A2E69AD0-2739-4CCA-ABD3-1B963EF33472}.Debug|Any CPU.Build.0 = Debug|Any CPU
		{A2E69AD0-2739-4CCA-ABD3-1B963EF33472}.Release|Any CPU.ActiveCfg = Release|Any CPU
		{A2E69AD0-2739-4CCA-ABD3-1B963EF33472}.Release|Any CPU.Build.0 = Release|Any CPU
		{287FC648-FE5F-4D1B-9F95-AA2E9D7F9264}.Debug|Any CPU.ActiveCfg = Debug|Any CPU
		{287FC648-FE5F-4D1B-9F95-AA2E9D7F9264}.Debug|Any CPU.Build.0 = Debug|Any CPU
		{287FC648-FE5F-4D1B-9F95-AA2E9D7F9264}.Release|Any CPU.ActiveCfg = Release|Any CPU
		{287FC648-FE5F-4D1B-9F95-AA2E9D7F9264}.Release|Any CPU.Build.0 = Release|Any CPU
	EndGlobalSection
	GlobalSection(SolutionProperties) = preSolution
		HideSolutionNode = FALSE
	EndGlobalSection
	GlobalSection(ExtensibilityGlobals) = postSolution
		SolutionGuid = {BC48C4F2-A473-4837-9062-82439993CA4C}
	EndGlobalSection
EndGlobal
