
Microsoft Visual Studio Solution File, Format Version 12.00
# Visual Studio Version 16
VisualStudioVersion = 16.0.31205.134
MinimumVisualStudioVersion = 10.0.40219.1
Project("{9A19103F-16F7-4668-BE54-9A1E7A4F7556}") = "Proxy", "Proxy\Proxy.csproj", "{B0E04A9A-20FD-46C8-84F4-4E06656B1D22}"
EndProject
Project("{9A19103F-16F7-4668-BE54-9A1E7A4F7556}") = "VirtualProxy", "VirtualProxy\VirtualProxy.csproj", "{171DED53-EE0E-4E15-BECC-8D2F1A447097}"
EndProject
Project("{FAE04EC0-301F-11D3-BF4B-00C04F79EFBC}") = "ProxyHomework", "ProxyHomework\ProxyHomework.csproj", "{B28054E8-D668-420D-AE58-FACF1B6362DA}"
EndProject
Global
	GlobalSection(SolutionConfigurationPlatforms) = preSolution
		Debug|Any CPU = Debug|Any CPU
		Release|Any CPU = Release|Any CPU
	EndGlobalSection
	GlobalSection(ProjectConfigurationPlatforms) = postSolution
		{B0E04A9A-20FD-46C8-84F4-4E06656B1D22}.Debug|Any CPU.ActiveCfg = Debug|Any CPU
		{B0E04A9A-20FD-46C8-84F4-4E06656B1D22}.Debug|Any CPU.Build.0 = Debug|Any CPU
		{B0E04A9A-20FD-46C8-84F4-4E06656B1D22}.Release|Any CPU.ActiveCfg = Release|Any CPU
		{B0E04A9A-20FD-46C8-84F4-4E06656B1D22}.Release|Any CPU.Build.0 = Release|Any CPU
		{171DED53-EE0E-4E15-BECC-8D2F1A447097}.Debug|Any CPU.ActiveCfg = Debug|Any CPU
		{171DED53-EE0E-4E15-BECC-8D2F1A447097}.Debug|Any CPU.Build.0 = Debug|Any CPU
		{171DED53-EE0E-4E15-BECC-8D2F1A447097}.Release|Any CPU.ActiveCfg = Release|Any CPU
		{171DED53-EE0E-4E15-BECC-8D2F1A447097}.Release|Any CPU.Build.0 = Release|Any CPU
		{B28054E8-D668-420D-AE58-FACF1B6362DA}.Debug|Any CPU.ActiveCfg = Debug|Any CPU
		{B28054E8-D668-420D-AE58-FACF1B6362DA}.Debug|Any CPU.Build.0 = Debug|Any CPU
		{B28054E8-D668-420D-AE58-FACF1B6362DA}.Release|Any CPU.ActiveCfg = Release|Any CPU
		{B28054E8-D668-420D-AE58-FACF1B6362DA}.Release|Any CPU.Build.0 = Release|Any CPU
	EndGlobalSection
	GlobalSection(SolutionProperties) = preSolution
		HideSolutionNode = FALSE
	EndGlobalSection
	GlobalSection(ExtensibilityGlobals) = postSolution
		SolutionGuid = {D7489959-048A-4655-8F8E-0FC1E2B65D68}
	EndGlobalSection
EndGlobal
