
Microsoft Visual Studio Solution File, Format Version 12.00
# Visual Studio Version 16
VisualStudioVersion = 16.0.31205.134
MinimumVisualStudioVersion = 10.0.40219.1
Project("{FAE04EC0-301F-11D3-BF4B-00C04F79EFBC}") = "Memento", "Memento\Memento.csproj", "{001197C5-230B-476D-90E3-3D0908317375}"
EndProject
Global
	GlobalSection(SolutionConfigurationPlatforms) = preSolution
		Debug|Any CPU = Debug|Any CPU
		Release|Any CPU = Release|Any CPU
	EndGlobalSection
	GlobalSection(ProjectConfigurationPlatforms) = postSolution
		{001197C5-230B-476D-90E3-3D0908317375}.Debug|Any CPU.ActiveCfg = Debug|Any CPU
		{001197C5-230B-476D-90E3-3D0908317375}.Debug|Any CPU.Build.0 = Debug|Any CPU
		{001197C5-230B-476D-90E3-3D0908317375}.Release|Any CPU.ActiveCfg = Release|Any CPU
		{001197C5-230B-476D-90E3-3D0908317375}.Release|Any CPU.Build.0 = Release|Any CPU
	EndGlobalSection
	GlobalSection(SolutionProperties) = preSolution
		HideSolutionNode = FALSE
	EndGlobalSection
	GlobalSection(ExtensibilityGlobals) = postSolution
		SolutionGuid = {69BE8F87-7C1F-433B-B6BB-3D7686439595}
	EndGlobalSection
EndGlobal
