
Microsoft Visual Studio Solution File, Format Version 12.00
# Visual Studio Version 16
VisualStudioVersion = 16.0.31205.134
MinimumVisualStudioVersion = 10.0.40219.1
Project("{9A19103F-16F7-4668-BE54-9A1E7A4F7556}") = "Adapter", "Adapter\Adapter.csproj", "{5878F2C4-E245-498A-B695-457C38063A45}"
EndProject
Project("{FAE04EC0-301F-11D3-BF4B-00C04F79EFBC}") = "AdapterHomework", "AdapterHomework\AdapterHomework.csproj", "{E85E730C-EB90-45BA-9A48-E10E8B05EFCF}"
EndProject
Global
	GlobalSection(SolutionConfigurationPlatforms) = preSolution
		Debug|Any CPU = Debug|Any CPU
		Release|Any CPU = Release|Any CPU
	EndGlobalSection
	GlobalSection(ProjectConfigurationPlatforms) = postSolution
		{5878F2C4-E245-498A-B695-457C38063A45}.Debug|Any CPU.ActiveCfg = Debug|Any CPU
		{5878F2C4-E245-498A-B695-457C38063A45}.Debug|Any CPU.Build.0 = Debug|Any CPU
		{5878F2C4-E245-498A-B695-457C38063A45}.Release|Any CPU.ActiveCfg = Release|Any CPU
		{5878F2C4-E245-498A-B695-457C38063A45}.Release|Any CPU.Build.0 = Release|Any CPU
		{E85E730C-EB90-45BA-9A48-E10E8B05EFCF}.Debug|Any CPU.ActiveCfg = Debug|Any CPU
		{E85E730C-EB90-45BA-9A48-E10E8B05EFCF}.Debug|Any CPU.Build.0 = Debug|Any CPU
		{E85E730C-EB90-45BA-9A48-E10E8B05EFCF}.Release|Any CPU.ActiveCfg = Release|Any CPU
		{E85E730C-EB90-45BA-9A48-E10E8B05EFCF}.Release|Any CPU.Build.0 = Release|Any CPU
	EndGlobalSection
	GlobalSection(SolutionProperties) = preSolution
		HideSolutionNode = FALSE
	EndGlobalSection
	GlobalSection(ExtensibilityGlobals) = postSolution
		SolutionGuid = {6C1C90AF-71CB-42C5-9040-3CCB9C341B6B}
	EndGlobalSection
EndGlobal
