
Microsoft Visual Studio Solution File, Format Version 12.00
# Visual Studio Version 16
VisualStudioVersion = 16.0.31205.134
MinimumVisualStudioVersion = 10.0.40219.1
Project("{FAE04EC0-301F-11D3-BF4B-00C04F79EFBC}") = "Iterator", "Iterator\Iterator.csproj", "{86AE3C82-7FEF-46F2-BE96-3E0F36BAB71A}"
EndProject
Global
	GlobalSection(SolutionConfigurationPlatforms) = preSolution
		Debug|Any CPU = Debug|Any CPU
		Release|Any CPU = Release|Any CPU
	EndGlobalSection
	GlobalSection(ProjectConfigurationPlatforms) = postSolution
		{86AE3C82-7FEF-46F2-BE96-3E0F36BAB71A}.Debug|Any CPU.ActiveCfg = Debug|Any CPU
		{86AE3C82-7FEF-46F2-BE96-3E0F36BAB71A}.Debug|Any CPU.Build.0 = Debug|Any CPU
		{86AE3C82-7FEF-46F2-BE96-3E0F36BAB71A}.Release|Any CPU.ActiveCfg = Release|Any CPU
		{86AE3C82-7FEF-46F2-BE96-3E0F36BAB71A}.Release|Any CPU.Build.0 = Release|Any CPU
	EndGlobalSection
	GlobalSection(SolutionProperties) = preSolution
		HideSolutionNode = FALSE
	EndGlobalSection
	GlobalSection(ExtensibilityGlobals) = postSolution
		SolutionGuid = {2F7EE463-3567-4222-B581-EBBD8C959D44}
	EndGlobalSection
EndGlobal
