
Microsoft Visual Studio Solution File, Format Version 12.00
# Visual Studio Version 16
VisualStudioVersion = 16.0.31205.134
MinimumVisualStudioVersion = 10.0.40219.1
Project("{9A19103F-16F7-4668-BE54-9A1E7A4F7556}") = "Flyweight", "Flyweight\Flyweight.csproj", "{56B35FCA-15CA-492B-8278-600D51F4CEF6}"
EndProject
Project("{FAE04EC0-301F-11D3-BF4B-00C04F79EFBC}") = "FlyweightHomework", "FlyweightHomework\FlyweightHomework.csproj", "{6963DB9C-B34D-4E32-81B5-606CCEFED84D}"
EndProject
Global
	GlobalSection(SolutionConfigurationPlatforms) = preSolution
		Debug|Any CPU = Debug|Any CPU
		Release|Any CPU = Release|Any CPU
	EndGlobalSection
	GlobalSection(ProjectConfigurationPlatforms) = postSolution
		{56B35FCA-15CA-492B-8278-600D51F4CEF6}.Debug|Any CPU.ActiveCfg = Debug|Any CPU
		{56B35FCA-15CA-492B-8278-600D51F4CEF6}.Debug|Any CPU.Build.0 = Debug|Any CPU
		{56B35FCA-15CA-492B-8278-600D51F4CEF6}.Release|Any CPU.ActiveCfg = Release|Any CPU
		{56B35FCA-15CA-492B-8278-600D51F4CEF6}.Release|Any CPU.Build.0 = Release|Any CPU
		{6963DB9C-B34D-4E32-81B5-606CCEFED84D}.Debug|Any CPU.ActiveCfg = Debug|Any CPU
		{6963DB9C-B34D-4E32-81B5-606CCEFED84D}.Debug|Any CPU.Build.0 = Debug|Any CPU
		{6963DB9C-B34D-4E32-81B5-606CCEFED84D}.Release|Any CPU.ActiveCfg = Release|Any CPU
		{6963DB9C-B34D-4E32-81B5-606CCEFED84D}.Release|Any CPU.Build.0 = Release|Any CPU
	EndGlobalSection
	GlobalSection(SolutionProperties) = preSolution
		HideSolutionNode = FALSE
	EndGlobalSection
	GlobalSection(ExtensibilityGlobals) = postSolution
		SolutionGuid = {1EAB4C8B-897F-45EF-8B37-E28EF05DD429}
	EndGlobalSection
EndGlobal
