
Microsoft Visual Studio Solution File, Format Version 12.00
# Visual Studio Version 16
VisualStudioVersion = 16.0.31205.134
MinimumVisualStudioVersion = 10.0.40219.1
Project("{FAE04EC0-301F-11D3-BF4B-00C04F79EFBC}") = "BugattiBuilder", "BugattiBuilder\BugattiBuilder.csproj", "{705F25D5-55BF-468D-BF0D-01E3F8010B66}"
EndProject
Global
	GlobalSection(SolutionConfigurationPlatforms) = preSolution
		Debug|Any CPU = Debug|Any CPU
		Release|Any CPU = Release|Any CPU
	EndGlobalSection
	GlobalSection(ProjectConfigurationPlatforms) = postSolution
		{705F25D5-55BF-468D-BF0D-01E3F8010B66}.Debug|Any CPU.ActiveCfg = Debug|Any CPU
		{705F25D5-55BF-468D-BF0D-01E3F8010B66}.Debug|Any CPU.Build.0 = Debug|Any CPU
		{705F25D5-55BF-468D-BF0D-01E3F8010B66}.Release|Any CPU.ActiveCfg = Release|Any CPU
		{705F25D5-55BF-468D-BF0D-01E3F8010B66}.Release|Any CPU.Build.0 = Release|Any CPU
	EndGlobalSection
	GlobalSection(SolutionProperties) = preSolution
		HideSolutionNode = FALSE
	EndGlobalSection
	GlobalSection(ExtensibilityGlobals) = postSolution
		SolutionGuid = {F82207FB-28BD-42EC-97CC-7D0E70C66ED3}
	EndGlobalSection
EndGlobal
