
Microsoft Visual Studio Solution File, Format Version 12.00
# Visual Studio Version 16
VisualStudioVersion = 16.0.31205.134
MinimumVisualStudioVersion = 10.0.40219.1
Project("{9A19103F-16F7-4668-BE54-9A1E7A4F7556}") = "Composite", "Composite\Composite.csproj", "{CA0AC22C-11B8-403D-B91B-A6F1E2EBA74E}"
EndProject
Project("{FAE04EC0-301F-11D3-BF4B-00C04F79EFBC}") = "CompositeHomework", "CompositeHomework\CompositeHomework.csproj", "{83CE2EE4-1893-4906-97BA-2DCDB23130BA}"
EndProject
Global
	GlobalSection(SolutionConfigurationPlatforms) = preSolution
		Debug|Any CPU = Debug|Any CPU
		Release|Any CPU = Release|Any CPU
	EndGlobalSection
	GlobalSection(ProjectConfigurationPlatforms) = postSolution
		{CA0AC22C-11B8-403D-B91B-A6F1E2EBA74E}.Debug|Any CPU.ActiveCfg = Debug|Any CPU
		{CA0AC22C-11B8-403D-B91B-A6F1E2EBA74E}.Debug|Any CPU.Build.0 = Debug|Any CPU
		{CA0AC22C-11B8-403D-B91B-A6F1E2EBA74E}.Release|Any CPU.ActiveCfg = Release|Any CPU
		{CA0AC22C-11B8-403D-B91B-A6F1E2EBA74E}.Release|Any CPU.Build.0 = Release|Any CPU
		{83CE2EE4-1893-4906-97BA-2DCDB23130BA}.Debug|Any CPU.ActiveCfg = Debug|Any CPU
		{83CE2EE4-1893-4906-97BA-2DCDB23130BA}.Debug|Any CPU.Build.0 = Debug|Any CPU
		{83CE2EE4-1893-4906-97BA-2DCDB23130BA}.Release|Any CPU.ActiveCfg = Release|Any CPU
		{83CE2EE4-1893-4906-97BA-2DCDB23130BA}.Release|Any CPU.Build.0 = Release|Any CPU
	EndGlobalSection
	GlobalSection(SolutionProperties) = preSolution
		HideSolutionNode = FALSE
	EndGlobalSection
	GlobalSection(ExtensibilityGlobals) = postSolution
		SolutionGuid = {0B305957-C85F-4305-9164-6F1CA87D3055}
	EndGlobalSection
EndGlobal
