
Microsoft Visual Studio Solution File, Format Version 12.00
# Visual Studio Version 16
VisualStudioVersion = 16.0.31205.134
MinimumVisualStudioVersion = 10.0.40219.1
Project("{FAE04EC0-301F-11D3-BF4B-00C04F79EFBC}") = "Facade", "Facade\Facade.csproj", "{72970416-2A4F-4C40-A5F1-69A84DFBCEE8}"
EndProject
Global
	GlobalSection(SolutionConfigurationPlatforms) = preSolution
		Debug|Any CPU = Debug|Any CPU
		Release|Any CPU = Release|Any CPU
	EndGlobalSection
	GlobalSection(ProjectConfigurationPlatforms) = postSolution
		{72970416-2A4F-4C40-A5F1-69A84DFBCEE8}.Debug|Any CPU.ActiveCfg = Debug|Any CPU
		{72970416-2A4F-4C40-A5F1-69A84DFBCEE8}.Debug|Any CPU.Build.0 = Debug|Any CPU
		{72970416-2A4F-4C40-A5F1-69A84DFBCEE8}.Release|Any CPU.ActiveCfg = Release|Any CPU
		{72970416-2A4F-4C40-A5F1-69A84DFBCEE8}.Release|Any CPU.Build.0 = Release|Any CPU
	EndGlobalSection
	GlobalSection(SolutionProperties) = preSolution
		HideSolutionNode = FALSE
	EndGlobalSection
	GlobalSection(ExtensibilityGlobals) = postSolution
		SolutionGuid = {1869D34D-6824-41A4-A3D7-D5DE63C4747B}
	EndGlobalSection
EndGlobal
